# THIS IS AN AUTOGENERATED FILE. DO NOT EDIT THIS FILE DIRECTLY.
# yarn lockfile v1


lucide-react@^0.162.0:
  version "0.162.0"
  resolved "https://registry.yarnpkg.com/lucide-react/-/lucide-react-0.162.0.tgz#3e0c58e9e207b6c8a05639d127b0137f538c747b"
  integrity sha512-bKUvG2OTerGVt2GdbYK+VE4cdZS2DNUspY1CrqFnlvOkMPHjWzbydsJVtmFjtdExsII34JpthHUml2zWP4R9iw==
